
Microsoft Visual Studio Solution File, Format Version 12.00
# Visual Studio 15
VisualStudioVersion = 15.0.28307.1525
MinimumVisualStudioVersion = 10.0.40219.1
Project("{FAE04EC0-301F-11D3-BF4B-00C04F79EFBC}") = "OdeToFood.Web", "OdeToFood.Web\OdeToFood.Web.csproj", "{D23922E1-7CD9-4365-AA45-78E29777F6E6}"
EndProject
Project("{FAE04EC0-301F-11D3-BF4B-00C04F79EFBC}") = "OdeToFood.Data", "..\OdeToFood.Data\OdeToFood.Data.csproj", "{4122B87C-211C-4E35-8814-60357691477C}"
EndProject
Global
	GlobalSection(SolutionConfigurationPlatforms) = preSolution
		Debug|Any CPU = Debug|Any CPU
		Release|Any CPU = Release|Any CPU
	EndGlobalSection
	GlobalSection(ProjectConfigurationPlatforms) = postSolution
		{D23922E1-7CD9-4365-AA45-78E29777F6E6}.Debug|Any CPU.ActiveCfg = Debug|Any CPU
		{D23922E1-7CD9-4365-AA45-78E29777F6E6}.Debug|Any CPU.Build.0 = Debug|Any CPU
		{D23922E1-7CD9-4365-AA45-78E29777F6E6}.Release|Any CPU.ActiveCfg = Release|Any CPU
		{D23922E1-7CD9-4365-AA45-78E29777F6E6}.Release|Any CPU.Build.0 = Release|Any CPU
		{4122B87C-211C-4E35-8814-60357691477C}.Debug|Any CPU.ActiveCfg = Debug|Any CPU
		{4122B87C-211C-4E35-8814-60357691477C}.Debug|Any CPU.Build.0 = Debug|Any CPU
		{4122B87C-211C-4E35-8814-60357691477C}.Release|Any CPU.ActiveCfg = Release|Any CPU
		{4122B87C-211C-4E35-8814-60357691477C}.Release|Any CPU.Build.0 = Release|Any CPU
	EndGlobalSection
	GlobalSection(SolutionProperties) = preSolution
		HideSolutionNode = FALSE
	EndGlobalSection
	GlobalSection(ExtensibilityGlobals) = postSolution
		SolutionGuid = {7AA606B2-327F-4C3D-94A4-6ED45BBE39AD}
	EndGlobalSection
EndGlobal
